
Microsoft Visual Studio Solution File, Format Version 12.00
# Visual Studio Version 17
VisualStudioVersion = 17.5.33516.290
MinimumVisualStudioVersion = 10.0.40219.1
Project("{2150E333-8FDC-42A3-9474-1A3956D46DE8}") = "Src", "Src", "{6FC494EB-359F-4B2F-9EB6-3C04DD195692}"
EndProject
Project("{2150E333-8FDC-42A3-9474-1A3956D46DE8}") = "Infrastructure", "Infrastructure", "{460E73B7-77A5-44F3-9980-04811F0922FD}"
EndProject
Project("{9A19103F-16F7-4668-BE54-9A1E7A4F7556}") = "Webshop.Data.Persistence", "Webshop.Data.Persistence\Webshop.Data.Persistence.csproj", "{D2E9E19C-6551-45A0-B07E-8799498912A2}"
EndProject
Project("{9A19103F-16F7-4668-BE54-9A1E7A4F7556}") = "Webshop.Order.Persistence", "Webshop.Order.Persistence\Webshop.Order.Persistence.csproj", "{40151A23-CBF5-43AF-B657-B62A438E70D1}"
EndProject
Project("{2150E333-8FDC-42A3-9474-1A3956D46DE8}") = "Core", "Core", "{744B12FD-A071-4FC8-8295-688BAC5538D1}"
EndProject
Project("{9A19103F-16F7-4668-BE54-9A1E7A4F7556}") = "Webshop.Order.Application", "Webshop.Order.Application\Webshop.Order.Application.csproj", "{44645AC4-2284-445F-83A0-321D0B6D9C18}"
EndProject
Project("{9A19103F-16F7-4668-BE54-9A1E7A4F7556}") = "Webshop.Domain", "Webshop.Domain\Webshop.Domain.csproj", "{39D1CDF1-B9F3-40EB-975A-B51130994CF7}"
EndProject
Project("{9A19103F-16F7-4668-BE54-9A1E7A4F7556}") = "Webshop.Application", "Webshop.Application\Webshop.Application.csproj", "{30D4610C-12E6-4F79-90BE-3017A76AF294}"
EndProject
Project("{2150E333-8FDC-42A3-9474-1A3956D46DE8}") = "Test", "Test", "{97E5E501-9555-4DD4-9898-1CA17781E7F1}"
EndProject
Project("{9A19103F-16F7-4668-BE54-9A1E7A4F7556}") = "Webshop.Order.Persistence.Test", "Webshop.Order.Persistence.Test\Webshop.Order.Persistence.Test.csproj", "{56F7B35F-2CB5-4C6F-AE28-AAD4CB217CB4}"
EndProject
Project("{9A19103F-16F7-4668-BE54-9A1E7A4F7556}") = "Webshop.Order.Integration.Test", "Webshop.Order.Integration.Test\Webshop.Order.Integration.Test.csproj", "{FA2C8242-E20F-4870-AC6B-9E948288CE0E}"
EndProject
Project("{2150E333-8FDC-42A3-9474-1A3956D46DE8}") = "API", "API", "{A19A433E-D437-4E0F-80A5-883C620386AC}"
EndProject
Project("{9A19103F-16F7-4668-BE54-9A1E7A4F7556}") = "Webshop.Order.Api", "Webshop.Order.Api\Webshop.Order.Api.csproj", "{B32E1FD3-7A10-47BC-9B3D-0D69554A29A2}"
EndProject
Project("{9A19103F-16F7-4668-BE54-9A1E7A4F7556}") = "Webshop.Service", "Webshop.Service\Webshop.Service.csproj", "{9E1FFE1D-5E70-4438-A78F-62A9ECC1CD5B}"
EndProject
Project("{9A19103F-16F7-4668-BE54-9A1E7A4F7556}") = "Webshop.Service.Test", "Webshop.Service.Test\Webshop.Service.Test.csproj", "{3EF4F365-E3C7-44CA-9050-781CE03DF867}"
EndProject
Project("{FAE04EC0-301F-11D3-BF4B-00C04F79EFBC}") = "Webshop.Service.Test.Integration", "Webshop.Service.Test.Integration\Webshop.Service.Test.Integration.csproj", "{5354AAD2-7263-4886-9F56-BF14D9B35300}"
EndProject
Global
	GlobalSection(SolutionConfigurationPlatforms) = preSolution
		Debug|Any CPU = Debug|Any CPU
		Release|Any CPU = Release|Any CPU
	EndGlobalSection
	GlobalSection(ProjectConfigurationPlatforms) = postSolution
		{D2E9E19C-6551-45A0-B07E-8799498912A2}.Debug|Any CPU.ActiveCfg = Debug|Any CPU
		{D2E9E19C-6551-45A0-B07E-8799498912A2}.Debug|Any CPU.Build.0 = Debug|Any CPU
		{D2E9E19C-6551-45A0-B07E-8799498912A2}.Release|Any CPU.ActiveCfg = Release|Any CPU
		{D2E9E19C-6551-45A0-B07E-8799498912A2}.Release|Any CPU.Build.0 = Release|Any CPU
		{40151A23-CBF5-43AF-B657-B62A438E70D1}.Debug|Any CPU.ActiveCfg = Debug|Any CPU
		{40151A23-CBF5-43AF-B657-B62A438E70D1}.Debug|Any CPU.Build.0 = Debug|Any CPU
		{40151A23-CBF5-43AF-B657-B62A438E70D1}.Release|Any CPU.ActiveCfg = Release|Any CPU
		{40151A23-CBF5-43AF-B657-B62A438E70D1}.Release|Any CPU.Build.0 = Release|Any CPU
		{44645AC4-2284-445F-83A0-321D0B6D9C18}.Debug|Any CPU.ActiveCfg = Debug|Any CPU
		{44645AC4-2284-445F-83A0-321D0B6D9C18}.Debug|Any CPU.Build.0 = Debug|Any CPU
		{44645AC4-2284-445F-83A0-321D0B6D9C18}.Release|Any CPU.ActiveCfg = Release|Any CPU
		{44645AC4-2284-445F-83A0-321D0B6D9C18}.Release|Any CPU.Build.0 = Release|Any CPU
		{39D1CDF1-B9F3-40EB-975A-B51130994CF7}.Debug|Any CPU.ActiveCfg = Debug|Any CPU
		{39D1CDF1-B9F3-40EB-975A-B51130994CF7}.Debug|Any CPU.Build.0 = Debug|Any CPU
		{39D1CDF1-B9F3-40EB-975A-B51130994CF7}.Release|Any CPU.ActiveCfg = Release|Any CPU
		{39D1CDF1-B9F3-40EB-975A-B51130994CF7}.Release|Any CPU.Build.0 = Release|Any CPU
		{30D4610C-12E6-4F79-90BE-3017A76AF294}.Debug|Any CPU.ActiveCfg = Debug|Any CPU
		{30D4610C-12E6-4F79-90BE-3017A76AF294}.Debug|Any CPU.Build.0 = Debug|Any CPU
		{30D4610C-12E6-4F79-90BE-3017A76AF294}.Release|Any CPU.ActiveCfg = Release|Any CPU
		{30D4610C-12E6-4F79-90BE-3017A76AF294}.Release|Any CPU.Build.0 = Release|Any CPU
		{56F7B35F-2CB5-4C6F-AE28-AAD4CB217CB4}.Debug|Any CPU.ActiveCfg = Debug|Any CPU
		{56F7B35F-2CB5-4C6F-AE28-AAD4CB217CB4}.Debug|Any CPU.Build.0 = Debug|Any CPU
		{56F7B35F-2CB5-4C6F-AE28-AAD4CB217CB4}.Release|Any CPU.ActiveCfg = Release|Any CPU
		{56F7B35F-2CB5-4C6F-AE28-AAD4CB217CB4}.Release|Any CPU.Build.0 = Release|Any CPU
		{FA2C8242-E20F-4870-AC6B-9E948288CE0E}.Debug|Any CPU.ActiveCfg = Debug|Any CPU
		{FA2C8242-E20F-4870-AC6B-9E948288CE0E}.Debug|Any CPU.Build.0 = Debug|Any CPU
		{FA2C8242-E20F-4870-AC6B-9E948288CE0E}.Release|Any CPU.ActiveCfg = Release|Any CPU
		{FA2C8242-E20F-4870-AC6B-9E948288CE0E}.Release|Any CPU.Build.0 = Release|Any CPU
		{B32E1FD3-7A10-47BC-9B3D-0D69554A29A2}.Debug|Any CPU.ActiveCfg = Debug|Any CPU
		{B32E1FD3-7A10-47BC-9B3D-0D69554A29A2}.Debug|Any CPU.Build.0 = Debug|Any CPU
		{B32E1FD3-7A10-47BC-9B3D-0D69554A29A2}.Release|Any CPU.ActiveCfg = Release|Any CPU
		{B32E1FD3-7A10-47BC-9B3D-0D69554A29A2}.Release|Any CPU.Build.0 = Release|Any CPU
		{9E1FFE1D-5E70-4438-A78F-62A9ECC1CD5B}.Debug|Any CPU.ActiveCfg = Debug|Any CPU
		{9E1FFE1D-5E70-4438-A78F-62A9ECC1CD5B}.Debug|Any CPU.Build.0 = Debug|Any CPU
		{9E1FFE1D-5E70-4438-A78F-62A9ECC1CD5B}.Release|Any CPU.ActiveCfg = Release|Any CPU
		{9E1FFE1D-5E70-4438-A78F-62A9ECC1CD5B}.Release|Any CPU.Build.0 = Release|Any CPU
		{3EF4F365-E3C7-44CA-9050-781CE03DF867}.Debug|Any CPU.ActiveCfg = Debug|Any CPU
		{3EF4F365-E3C7-44CA-9050-781CE03DF867}.Debug|Any CPU.Build.0 = Debug|Any CPU
		{3EF4F365-E3C7-44CA-9050-781CE03DF867}.Release|Any CPU.ActiveCfg = Release|Any CPU
		{3EF4F365-E3C7-44CA-9050-781CE03DF867}.Release|Any CPU.Build.0 = Release|Any CPU
		{5354AAD2-7263-4886-9F56-BF14D9B35300}.Debug|Any CPU.ActiveCfg = Debug|Any CPU
		{5354AAD2-7263-4886-9F56-BF14D9B35300}.Debug|Any CPU.Build.0 = Debug|Any CPU
		{5354AAD2-7263-4886-9F56-BF14D9B35300}.Release|Any CPU.ActiveCfg = Release|Any CPU
		{5354AAD2-7263-4886-9F56-BF14D9B35300}.Release|Any CPU.Build.0 = Release|Any CPU
	EndGlobalSection
	GlobalSection(SolutionProperties) = preSolution
		HideSolutionNode = FALSE
	EndGlobalSection
	GlobalSection(NestedProjects) = preSolution
		{460E73B7-77A5-44F3-9980-04811F0922FD} = {6FC494EB-359F-4B2F-9EB6-3C04DD195692}
		{D2E9E19C-6551-45A0-B07E-8799498912A2} = {460E73B7-77A5-44F3-9980-04811F0922FD}
		{40151A23-CBF5-43AF-B657-B62A438E70D1} = {460E73B7-77A5-44F3-9980-04811F0922FD}
		{744B12FD-A071-4FC8-8295-688BAC5538D1} = {6FC494EB-359F-4B2F-9EB6-3C04DD195692}
		{44645AC4-2284-445F-83A0-321D0B6D9C18} = {744B12FD-A071-4FC8-8295-688BAC5538D1}
		{39D1CDF1-B9F3-40EB-975A-B51130994CF7} = {744B12FD-A071-4FC8-8295-688BAC5538D1}
		{30D4610C-12E6-4F79-90BE-3017A76AF294} = {744B12FD-A071-4FC8-8295-688BAC5538D1}
		{56F7B35F-2CB5-4C6F-AE28-AAD4CB217CB4} = {97E5E501-9555-4DD4-9898-1CA17781E7F1}
		{FA2C8242-E20F-4870-AC6B-9E948288CE0E} = {97E5E501-9555-4DD4-9898-1CA17781E7F1}
		{A19A433E-D437-4E0F-80A5-883C620386AC} = {6FC494EB-359F-4B2F-9EB6-3C04DD195692}
		{B32E1FD3-7A10-47BC-9B3D-0D69554A29A2} = {A19A433E-D437-4E0F-80A5-883C620386AC}
		{9E1FFE1D-5E70-4438-A78F-62A9ECC1CD5B} = {460E73B7-77A5-44F3-9980-04811F0922FD}
		{3EF4F365-E3C7-44CA-9050-781CE03DF867} = {97E5E501-9555-4DD4-9898-1CA17781E7F1}
		{5354AAD2-7263-4886-9F56-BF14D9B35300} = {97E5E501-9555-4DD4-9898-1CA17781E7F1}
	EndGlobalSection
	GlobalSection(ExtensibilityGlobals) = postSolution
		SolutionGuid = {FCC530D4-38F0-4036-90AA-73C60F8A4FD3}
	EndGlobalSection
EndGlobal
